{
  "version": 4,
  "terraform_version": "0.12.17",
  "serial": 14,
  "lineage": "05f5a9ed-bf6b-83c5-0f63-d7c0112604fe",
  "outputs": {},
  "resources": [
    {
      "mode": "managed",
      "type": "aws_default_vpc",
      "name": "default",
      "provider": "provider.aws",
      "instances": [
        {
          "schema_version": 1,
          "attributes": {
            "arn": "arn:aws:ec2:eu-west-3:538130398803:vpc/vpc-72606b1b",
            "assign_generated_ipv6_cidr_block": false,
            "cidr_block": "172.31.0.0/16",
            "default_network_acl_id": "acl-73fbe61a",
            "default_route_table_id": "rtb-3ee1f957",
            "default_security_group_id": "sg-afa6f8c3",
            "dhcp_options_id": "dopt-3319095a",
            "enable_classiclink": null,
            "enable_classiclink_dns_support": null,
            "enable_dns_hostnames": true,
            "enable_dns_support": true,
            "id": "vpc-72606b1b",
            "instance_tenancy": "default",
            "ipv6_association_id": "",
            "ipv6_cidr_block": "",
            "main_route_table_id": "rtb-3ee1f957",
            "owner_id": "538130398803",
            "tags": {
              "Name": "Default VPC"
            }
          },
          "private": "eyJzY2hlbWFfdmVyc2lvbiI6IjEifQ=="
        }
      ]
    },
    {
      "mode": "managed",
      "type": "aws_instance",
      "name": "appserver",
      "provider": "provider.aws",
      "instances": [
        {
          "schema_version": 1,
          "attributes": {
            "ami": "ami-045fa58af83eb0ff4",
            "arn": "arn:aws:ec2:eu-west-3:538130398803:instance/i-01942416a81ae11a0",
            "associate_public_ip_address": true,
            "availability_zone": "eu-west-3b",
            "cpu_core_count": 1,
            "cpu_threads_per_core": 1,
            "credit_specification": [
              {
                "cpu_credits": "standard"
              }
            ],
            "disable_api_termination": false,
            "ebs_block_device": [],
            "ebs_optimized": false,
            "ephemeral_block_device": [],
            "get_password_data": false,
            "hibernation": false,
            "host_id": null,
            "iam_instance_profile": "",
            "id": "i-01942416a81ae11a0",
            "instance_initiated_shutdown_behavior": null,
            "instance_state": "running",
            "instance_type": "t2.micro",
            "ipv6_address_count": 0,
            "ipv6_addresses": [],
            "key_name": "adminkeypair",
            "monitoring": false,
            "network_interface": [],
            "network_interface_id": null,
            "password_data": "",
            "placement_group": "",
            "primary_network_interface_id": "eni-080c808548424c918",
            "private_dns": "ip-172-31-29-9.eu-west-3.compute.internal",
            "private_ip": "172.31.29.9",
            "public_dns": "ec2-35-180-35-183.eu-west-3.compute.amazonaws.com",
            "public_ip": "35.180.35.183",
            "root_block_device": [
              {
                "delete_on_termination": true,
                "encrypted": false,
                "iops": 100,
                "kms_key_id": "",
                "volume_id": "vol-079b4885ab691cb41",
                "volume_size": 8,
                "volume_type": "gp2"
              }
            ],
            "security_groups": [
              "terraform-20200131133717513200000001"
            ],
            "source_dest_check": true,
            "subnet_id": "subnet-c58bc2be",
            "tags": null,
            "tenancy": "default",
            "timeouts": null,
            "user_data": null,
            "user_data_base64": null,
            "volume_tags": {},
            "vpc_security_group_ids": [
              "sg-0ad540139052855bc"
            ]
          },
          "private": "eyJlMmJmYjczMC1lY2FhLTExZTYtOGY4OC0zNDM2M2JjN2M0YzAiOnsiY3JlYXRlIjo2MDAwMDAwMDAwMDAsImRlbGV0ZSI6MTIwMDAwMDAwMDAwMCwidXBkYXRlIjo2MDAwMDAwMDAwMDB9LCJzY2hlbWFfdmVyc2lvbiI6IjEifQ==",
          "dependencies": [
            "aws_security_group.web"
          ]
        }
      ]
    },
    {
      "mode": "managed",
      "type": "aws_key_pair",
      "name": "adminkeypair",
      "provider": "provider.aws",
      "instances": [
        {
          "schema_version": 1,
          "attributes": {
            "fingerprint": "ba:f2:ff:86:40:6c:f5:d7:b7:0e:99:78:c0:13:2f:c8",
            "id": "adminkeypair",
            "key_name": "adminkeypair",
            "key_name_prefix": null,
            "key_pair_id": "key-094081277cf5c543d",
            "public_key": "ssh-rsa AAAAB3NzaC1yc2EAAAADAQABAAACAQDezZsW6qyKy85wfiEO1MQSUTI00e1R2X796F7XVLUxvudXzgpbCzmnX2W07da5FME3khh4RPs6OeZexUMvOVb5TGKd+RZjVASPx4W2oYlQFEQAqlNt7wITr1+IW06733+ZtXXEcDlaz4qBYMhLyLXsklFNNCYuA1K4sLNboCcHtPhl8oXHodIn1CShCarh0aDMeXtVYWOF+cyN2sTQsj1vcotU6gNHbW2SZN4tEWVRCANWol+SlG20ABmWRTX9b+D6nBh8q+IDiiRwrVssZJa47oQQXU5nwJKlzgTlr5J+Dkhs8jFngtlFKdyGlVQrNUOzi99NJJyr/hav/RADExw+A90lWOTaRmfap6h2IZn21Rc17FygPOvFTbfkF1vhRppej5HzQ7qPFqardWyh7WvQwPQETa8vVrPOL7krgaQG5PhsLXYvhgytlmeHbStboeVwDJKwcM9urbPzTsc8LoWpcQXMzOoW6fOnHYHUBdZfYEPgZN1mknOic46TYriyQnTZ4NxK4EZe/sssB+9LshyvI7Wnp9J5FL/M/g2FUfV7TZdPgpK2DrCIMgVhs+wx7Y7L6tX5Cr0zRTyONO9gcKWmG0ExISSBlgyzYQa3EY0kJVhcxGD4Ws5Mi1JucgRLF7EL+xhpKV7DS8oNrpVSyxI66mP3TZSPTBKeSxgE5vIH+w== paartheepan@MacBook-Pro-de-Paartheepan.local",
            "tags": {}
          },
          "private": "eyJzY2hlbWFfdmVyc2lvbiI6IjEifQ=="
        }
      ]
    },
    {
      "mode": "managed",
      "type": "aws_security_group",
      "name": "web",
      "provider": "provider.aws",
      "instances": [
        {
          "schema_version": 1,
          "attributes": {
            "arn": "arn:aws:ec2:eu-west-3:538130398803:security-group/sg-0ad540139052855bc",
            "description": "Managed by Terraform",
            "egress": [
              {
                "cidr_blocks": [
                  "0.0.0.0/0"
                ],
                "description": "",
                "from_port": 0,
                "ipv6_cidr_blocks": [],
                "prefix_list_ids": [],
                "protocol": "-1",
                "security_groups": [],
                "self": false,
                "to_port": 0
              }
            ],
            "id": "sg-0ad540139052855bc",
            "ingress": [
              {
                "cidr_blocks": [
                  "0.0.0.0/0"
                ],
                "description": "",
                "from_port": 22,
                "ipv6_cidr_blocks": [],
                "prefix_list_ids": [],
                "protocol": "tcp",
                "security_groups": [],
                "self": false,
                "to_port": 22
              },
              {
                "cidr_blocks": [
                  "0.0.0.0/0"
                ],
                "description": "",
                "from_port": 3000,
                "ipv6_cidr_blocks": [],
                "prefix_list_ids": [],
                "protocol": "tcp",
                "security_groups": [],
                "self": false,
                "to_port": 3000
              },
              {
                "cidr_blocks": [
                  "0.0.0.0/0"
                ],
                "description": "",
                "from_port": 80,
                "ipv6_cidr_blocks": [],
                "prefix_list_ids": [],
                "protocol": "tcp",
                "security_groups": [],
                "self": false,
                "to_port": 80
              }
            ],
            "name": "terraform-20200131133717513200000001",
            "name_prefix": null,
            "owner_id": "538130398803",
            "revoke_rules_on_delete": false,
            "tags": {},
            "timeouts": null,
            "vpc_id": "vpc-72606b1b"
          },
          "private": "eyJlMmJmYjczMC1lY2FhLTExZTYtOGY4OC0zNDM2M2JjN2M0YzAiOnsiY3JlYXRlIjo2MDAwMDAwMDAwMDAsImRlbGV0ZSI6NjAwMDAwMDAwMDAwfSwic2NoZW1hX3ZlcnNpb24iOiIxIn0=",
          "dependencies": [
            "aws_default_vpc.default"
          ]
        }
      ]
    }
  ]
}
