{
  "version": 4,
  "terraform_version": "0.12.28",
  "serial": 101,
  "lineage": "05f5a9ed-bf6b-83c5-0f63-d7c0112604fe",
  "outputs": {},
  "resources": [
    {
      "mode": "data",
      "type": "aws_ami",
      "name": "ubuntu",
      "provider": "provider.aws",
      "instances": [
        {
          "schema_version": 0,
          "attributes": {
            "architecture": "x86_64",
            "block_device_mappings": [
              {
                "device_name": "/dev/sda1",
                "ebs": {
                  "delete_on_termination": "true",
                  "encrypted": "false",
                  "iops": "0",
                  "snapshot_id": "snap-06f847eaf12ac49b1",
                  "volume_size": "8",
                  "volume_type": "gp2"
                },
                "no_device": "",
                "virtual_name": ""
              },
              {
                "device_name": "/dev/sdb",
                "ebs": {},
                "no_device": "",
                "virtual_name": "ephemeral0"
              },
              {
                "device_name": "/dev/sdc",
                "ebs": {},
                "no_device": "",
                "virtual_name": "ephemeral1"
              }
            ],
            "creation_date": "2020-06-11T22:06:10.000Z",
            "description": "Canonical, Ubuntu, 18.04 LTS, amd64 bionic image build on 2020-06-11",
            "executable_users": null,
            "filter": [
              {
                "name": "name",
                "values": [
                  "ubuntu/images/hvm-ssd/ubuntu-bionic-18.04-amd64-server-*"
                ]
              },
              {
                "name": "virtualization-type",
                "values": [
                  "hvm"
                ]
              }
            ],
            "hypervisor": "xen",
            "id": "ami-00f6a0c18edb19300",
            "image_id": "ami-00f6a0c18edb19300",
            "image_location": "099720109477/ubuntu/images/hvm-ssd/ubuntu-bionic-18.04-amd64-server-20200611",
            "image_owner_alias": null,
            "image_type": "machine",
            "kernel_id": null,
            "most_recent": true,
            "name": "ubuntu/images/hvm-ssd/ubuntu-bionic-18.04-amd64-server-20200611",
            "name_regex": null,
            "owner_id": "099720109477",
            "owners": [
              "099720109477"
            ],
            "platform": null,
            "product_codes": [],
            "public": true,
            "ramdisk_id": null,
            "root_device_name": "/dev/sda1",
            "root_device_type": "ebs",
            "root_snapshot_id": "snap-06f847eaf12ac49b1",
            "sriov_net_support": "simple",
            "state": "available",
            "state_reason": {
              "code": "UNSET",
              "message": "UNSET"
            },
            "tags": {},
            "virtualization_type": "hvm"
          }
        }
      ]
    },
    {
      "module": "module.production",
      "mode": "managed",
      "type": "aws_db_instance",
      "name": "default",
      "provider": "provider.aws",
      "instances": [
        {
          "schema_version": 1,
          "attributes": {
            "address": "terraform-20200514151028864600000001.cbnlfer3mbkc.eu-west-2.rds.amazonaws.com",
            "allocated_storage": 100,
            "allow_major_version_upgrade": null,
            "apply_immediately": null,
            "arn": "arn:aws:rds:eu-west-2:538130398803:db:terraform-20200514151028864600000001",
            "auto_minor_version_upgrade": true,
            "availability_zone": "eu-west-2c",
            "backup_retention_period": 0,
            "backup_window": "03:25-03:55",
            "ca_cert_identifier": "rds-ca-2019",
            "character_set_name": null,
            "copy_tags_to_snapshot": false,
            "db_subnet_group_name": "default",
            "delete_automated_backups": true,
            "deletion_protection": false,
            "domain": "",
            "domain_iam_role_name": "",
            "enabled_cloudwatch_logs_exports": [],
            "endpoint": "terraform-20200514151028864600000001.cbnlfer3mbkc.eu-west-2.rds.amazonaws.com:5432",
            "engine": "postgres",
            "engine_version": "11.2",
            "final_snapshot_identifier": null,
            "hosted_zone_id": "Z1TTGA775OQIYO",
            "iam_database_authentication_enabled": false,
            "id": "terraform-20200514151028864600000001",
            "identifier": "terraform-20200514151028864600000001",
            "identifier_prefix": null,
            "instance_class": "db.t2.micro",
            "iops": 0,
            "kms_key_id": "",
            "license_model": "postgresql-license",
            "maintenance_window": "fri:02:49-fri:03:19",
            "max_allocated_storage": 0,
            "monitoring_interval": 0,
            "monitoring_role_arn": "",
            "multi_az": false,
            "name": "ten4ssdp",
            "option_group_name": "default:postgres-11",
            "parameter_group_name": "default.postgres11",
            "password": "dumbpwdlolmdrlol",
            "performance_insights_enabled": false,
            "performance_insights_kms_key_id": "",
            "performance_insights_retention_period": 0,
            "port": 5432,
            "publicly_accessible": true,
            "replicas": [],
            "replicate_source_db": "",
            "resource_id": "db-JYG747CNB4AXNNW63TO27YOC7Q",
            "s3_import": [],
            "security_group_names": [],
            "skip_final_snapshot": false,
            "snapshot_identifier": null,
            "status": "available",
            "storage_encrypted": false,
            "storage_type": "gp2",
            "tags": {},
            "timeouts": null,
            "timezone": "",
            "username": "root",
            "vpc_security_group_ids": [
              "sg-0159ea29b2c8b3f4b"
            ]
          },
          "private": "eyJlMmJmYjczMC1lY2FhLTExZTYtOGY4OC0zNDM2M2JjN2M0YzAiOnsiY3JlYXRlIjoyNDAwMDAwMDAwMDAwLCJkZWxldGUiOjI0MDAwMDAwMDAwMDAsInVwZGF0ZSI6NDgwMDAwMDAwMDAwMH0sInNjaGVtYV92ZXJzaW9uIjoiMSJ9",
          "dependencies": [
            "module.production.aws_security_group.rdsSG"
          ]
        }
      ]
    },
    {
      "module": "module.production",
      "mode": "managed",
      "type": "aws_elasticache_cluster",
      "name": "redis",
      "provider": "provider.aws",
      "instances": [
        {
          "schema_version": 0,
          "attributes": {
            "apply_immediately": null,
            "arn": "arn:aws:elasticache:eu-west-2:538130398803:cluster:cluster-example",
            "availability_zone": "eu-west-2a",
            "availability_zones": null,
            "az_mode": "single-az",
            "cache_nodes": [
              {
                "address": "cluster-example.bagzu4.0001.euw2.cache.amazonaws.com",
                "availability_zone": "eu-west-2a",
                "id": "0001",
                "port": 6379
              }
            ],
            "cluster_address": null,
            "cluster_id": "cluster-example",
            "configuration_endpoint": null,
            "engine": "redis",
            "engine_version": "5.0.6",
            "id": "cluster-example",
            "maintenance_window": "sat:04:00-sat:05:00",
            "node_type": "cache.t2.micro",
            "notification_topic_arn": null,
            "num_cache_nodes": 1,
            "parameter_group_name": "default.redis5.0",
            "port": 6379,
            "preferred_availability_zones": null,
            "replication_group_id": null,
            "security_group_ids": [
              "sg-0618246d5670235ce"
            ],
            "security_group_names": [],
            "snapshot_arns": null,
            "snapshot_name": null,
            "snapshot_retention_limit": 0,
            "snapshot_window": "01:00-02:00",
            "subnet_group_name": "default",
            "tags": {}
          },
          "private": "bnVsbA==",
          "dependencies": [
            "module.production.aws_security_group.redisSG",
            "module.production.aws_security_group.web"
          ]
        }
      ]
    },
    {
      "module": "module.production",
      "mode": "managed",
      "type": "aws_elb",
      "name": "application",
      "provider": "provider.aws",
      "instances": [
        {
          "schema_version": 0,
          "attributes": {
            "access_logs": [],
            "arn": "arn:aws:elasticloadbalancing:eu-west-2:538130398803:loadbalancer/production-app-elb",
            "availability_zones": [
              "eu-west-2a"
            ],
            "connection_draining": true,
            "connection_draining_timeout": 400,
            "cross_zone_load_balancing": true,
            "dns_name": "production-app-elb-487105816.eu-west-2.elb.amazonaws.com",
            "health_check": [
              {
                "healthy_threshold": 2,
                "interval": 30,
                "target": "HTTP:5000/api",
                "timeout": 3,
                "unhealthy_threshold": 2
              }
            ],
            "id": "production-app-elb",
            "idle_timeout": 400,
            "instances": [
              "i-0b2d4226e75b23bac",
              "i-0c5a3d03153f0e629"
            ],
            "internal": false,
            "listener": [
              {
                "instance_port": 80,
                "instance_protocol": "http",
                "lb_port": 80,
                "lb_protocol": "http",
                "ssl_certificate_id": ""
              }
            ],
            "name": "production-app-elb",
            "name_prefix": null,
            "security_groups": [
              "sg-0c602e5f1d1d249af"
            ],
            "source_security_group": "538130398803/default_elb_2ca97ffb-44c1-3ba1-a37b-d6e198425522",
            "source_security_group_id": "sg-0c602e5f1d1d249af",
            "subnets": [
              "subnet-1ef17f64"
            ],
            "tags": {
              "Name": "production-elb"
            },
            "zone_id": "ZHURV8PSTC4K8"
          },
          "private": "bnVsbA==",
          "dependencies": [
            "module.production.aws_instance.application"
          ]
        }
      ]
    },
    {
      "module": "module.production",
      "mode": "managed",
      "type": "aws_elb",
      "name": "application_api",
      "provider": "provider.aws",
      "instances": [
        {
          "schema_version": 0,
          "attributes": {
            "access_logs": [],
            "arn": "arn:aws:elasticloadbalancing:eu-west-2:538130398803:loadbalancer/production-app-api-elb",
            "availability_zones": [
              "eu-west-2a"
            ],
            "connection_draining": true,
            "connection_draining_timeout": 400,
            "cross_zone_load_balancing": true,
            "dns_name": "production-app-api-elb-352277892.eu-west-2.elb.amazonaws.com",
            "health_check": [
              {
                "healthy_threshold": 2,
                "interval": 30,
                "target": "HTTP:80/api",
                "timeout": 3,
                "unhealthy_threshold": 2
              }
            ],
            "id": "production-app-api-elb",
            "idle_timeout": 400,
            "instances": [
              "i-0b2d4226e75b23bac",
              "i-0c5a3d03153f0e629"
            ],
            "internal": false,
            "listener": [
              {
                "instance_port": 5000,
                "instance_protocol": "http",
                "lb_port": 80,
                "lb_protocol": "http",
                "ssl_certificate_id": ""
              }
            ],
            "name": "production-app-api-elb",
            "name_prefix": null,
            "security_groups": [
              "sg-0c602e5f1d1d249af"
            ],
            "source_security_group": "538130398803/default_elb_2ca97ffb-44c1-3ba1-a37b-d6e198425522",
            "source_security_group_id": "sg-0c602e5f1d1d249af",
            "subnets": [
              "subnet-1ef17f64"
            ],
            "tags": {
              "Name": "production-elb-api"
            },
            "zone_id": "ZHURV8PSTC4K8"
          },
          "private": "bnVsbA==",
          "dependencies": [
            "module.production.aws_instance.application"
          ]
        }
      ]
    },
    {
      "module": "module.production",
      "mode": "managed",
      "type": "aws_instance",
      "name": "application",
      "each": "list",
      "provider": "provider.aws",
      "instances": [
        {
          "index_key": 0,
          "schema_version": 1,
          "attributes": {
            "ami": "ami-00f6a0c18edb19300",
            "arn": "arn:aws:ec2:eu-west-2:538130398803:instance/i-0b2d4226e75b23bac",
            "associate_public_ip_address": true,
            "availability_zone": "eu-west-2a",
            "cpu_core_count": 1,
            "cpu_threads_per_core": 1,
            "credit_specification": [
              {
                "cpu_credits": "standard"
              }
            ],
            "disable_api_termination": false,
            "ebs_block_device": [],
            "ebs_optimized": false,
            "ephemeral_block_device": [],
            "get_password_data": false,
            "hibernation": false,
            "host_id": null,
            "iam_instance_profile": "",
            "id": "i-0b2d4226e75b23bac",
            "instance_initiated_shutdown_behavior": null,
            "instance_state": "running",
            "instance_type": "t2.micro",
            "ipv6_address_count": 0,
            "ipv6_addresses": [],
            "key_name": "adminkeypair",
            "monitoring": false,
            "network_interface": [],
            "network_interface_id": null,
            "password_data": "",
            "placement_group": "",
            "primary_network_interface_id": "eni-02a8d3c1a38172261",
            "private_dns": "ip-172-31-20-67.eu-west-2.compute.internal",
            "private_ip": "172.31.20.67",
            "public_dns": "ec2-3-10-224-110.eu-west-2.compute.amazonaws.com",
            "public_ip": "3.10.224.110",
            "root_block_device": [
              {
                "delete_on_termination": true,
                "encrypted": false,
                "iops": 100,
                "kms_key_id": "",
                "volume_id": "vol-01389f3cb01e2fece",
                "volume_size": 8,
                "volume_type": "gp2"
              }
            ],
            "security_groups": [
              "production-application"
            ],
            "source_dest_check": true,
            "subnet_id": "subnet-1ef17f64",
            "tags": {
              "Name": "production-application",
              "component": "application",
              "stage": "production"
            },
            "tenancy": "default",
            "timeouts": null,
            "user_data": null,
            "user_data_base64": null,
            "volume_tags": {},
            "vpc_security_group_ids": [
              "sg-0259ebad1a517d504"
            ]
          },
          "private": "eyJlMmJmYjczMC1lY2FhLTExZTYtOGY4OC0zNDM2M2JjN2M0YzAiOnsiY3JlYXRlIjo2MDAwMDAwMDAwMDAsImRlbGV0ZSI6MTIwMDAwMDAwMDAwMCwidXBkYXRlIjo2MDAwMDAwMDAwMDB9LCJzY2hlbWFfdmVyc2lvbiI6IjEifQ==",
          "dependencies": [
            "aws_key_pair.adminkeypair",
            "module.production.aws_security_group.web"
          ]
        },
        {
          "index_key": 1,
          "schema_version": 1,
          "attributes": {
            "ami": "ami-00f6a0c18edb19300",
            "arn": "arn:aws:ec2:eu-west-2:538130398803:instance/i-0c5a3d03153f0e629",
            "associate_public_ip_address": true,
            "availability_zone": "eu-west-2c",
            "cpu_core_count": 1,
            "cpu_threads_per_core": 1,
            "credit_specification": [
              {
                "cpu_credits": "standard"
              }
            ],
            "disable_api_termination": false,
            "ebs_block_device": [],
            "ebs_optimized": false,
            "ephemeral_block_device": [],
            "get_password_data": false,
            "hibernation": false,
            "host_id": null,
            "iam_instance_profile": "",
            "id": "i-0c5a3d03153f0e629",
            "instance_initiated_shutdown_behavior": null,
            "instance_state": "running",
            "instance_type": "t2.micro",
            "ipv6_address_count": 0,
            "ipv6_addresses": [],
            "key_name": "adminkeypair",
            "monitoring": false,
            "network_interface": [],
            "network_interface_id": null,
            "password_data": "",
            "placement_group": "",
            "primary_network_interface_id": "eni-0bc62ba564b5846c1",
            "private_dns": "ip-172-31-6-82.eu-west-2.compute.internal",
            "private_ip": "172.31.6.82",
            "public_dns": "ec2-18-130-33-96.eu-west-2.compute.amazonaws.com",
            "public_ip": "18.130.33.96",
            "root_block_device": [
              {
                "delete_on_termination": true,
                "encrypted": false,
                "iops": 100,
                "kms_key_id": "",
                "volume_id": "vol-0c962bf3c132e974f",
                "volume_size": 8,
                "volume_type": "gp2"
              }
            ],
            "security_groups": [
              "production-application"
            ],
            "source_dest_check": true,
            "subnet_id": "subnet-bf6123d6",
            "tags": {
              "Name": "production-application",
              "component": "application",
              "stage": "production"
            },
            "tenancy": "default",
            "timeouts": null,
            "user_data": null,
            "user_data_base64": null,
            "volume_tags": {},
            "vpc_security_group_ids": [
              "sg-0259ebad1a517d504"
            ]
          },
          "private": "eyJlMmJmYjczMC1lY2FhLTExZTYtOGY4OC0zNDM2M2JjN2M0YzAiOnsiY3JlYXRlIjo2MDAwMDAwMDAwMDAsImRlbGV0ZSI6MTIwMDAwMDAwMDAwMCwidXBkYXRlIjo2MDAwMDAwMDAwMDB9LCJzY2hlbWFfdmVyc2lvbiI6IjEifQ==",
          "dependencies": [
            "aws_key_pair.adminkeypair",
            "module.production.aws_security_group.web"
          ]
        }
      ]
    },
    {
      "mode": "managed",
      "type": "aws_key_pair",
      "name": "adminkeypair",
      "provider": "provider.aws",
      "instances": [
        {
          "schema_version": 1,
          "attributes": {
            "fingerprint": "ba:f2:ff:86:40:6c:f5:d7:b7:0e:99:78:c0:13:2f:c8",
            "id": "adminkeypair",
            "key_name": "adminkeypair",
            "key_name_prefix": null,
            "key_pair_id": "key-0bbc160dd8a9d4528",
            "public_key": "ssh-rsa AAAAB3NzaC1yc2EAAAADAQABAAACAQDezZsW6qyKy85wfiEO1MQSUTI00e1R2X796F7XVLUxvudXzgpbCzmnX2W07da5FME3khh4RPs6OeZexUMvOVb5TGKd+RZjVASPx4W2oYlQFEQAqlNt7wITr1+IW06733+ZtXXEcDlaz4qBYMhLyLXsklFNNCYuA1K4sLNboCcHtPhl8oXHodIn1CShCarh0aDMeXtVYWOF+cyN2sTQsj1vcotU6gNHbW2SZN4tEWVRCANWol+SlG20ABmWRTX9b+D6nBh8q+IDiiRwrVssZJa47oQQXU5nwJKlzgTlr5J+Dkhs8jFngtlFKdyGlVQrNUOzi99NJJyr/hav/RADExw+A90lWOTaRmfap6h2IZn21Rc17FygPOvFTbfkF1vhRppej5HzQ7qPFqardWyh7WvQwPQETa8vVrPOL7krgaQG5PhsLXYvhgytlmeHbStboeVwDJKwcM9urbPzTsc8LoWpcQXMzOoW6fOnHYHUBdZfYEPgZN1mknOic46TYriyQnTZ4NxK4EZe/sssB+9LshyvI7Wnp9J5FL/M/g2FUfV7TZdPgpK2DrCIMgVhs+wx7Y7L6tX5Cr0zRTyONO9gcKWmG0ExISSBlgyzYQa3EY0kJVhcxGD4Ws5Mi1JucgRLF7EL+xhpKV7DS8oNrpVSyxI66mP3TZSPTBKeSxgE5vIH+w== paartheepan@MacBook-Pro-de-Paartheepan.local",
            "tags": {}
          },
          "private": "eyJzY2hlbWFfdmVyc2lvbiI6IjEifQ=="
        }
      ]
    },
    {
      "module": "module.production",
      "mode": "managed",
      "type": "aws_lb_cookie_stickiness_policy",
      "name": "sticky_session_policy",
      "provider": "provider.aws",
      "instances": [
        {
          "schema_version": 0,
          "attributes": {
            "cookie_expiration_period": 600,
            "id": "production-app-api-elb:80:sticky-session-policy",
            "lb_port": 80,
            "load_balancer": "production-app-api-elb",
            "name": "sticky-session-policy"
          },
          "private": "bnVsbA==",
          "dependencies": [
            "module.production.aws_elb.application_api"
          ]
        }
      ]
    },
    {
      "module": "module.production",
      "mode": "managed",
      "type": "aws_security_group",
      "name": "rdsSG",
      "provider": "provider.aws",
      "instances": [
        {
          "schema_version": 1,
          "attributes": {
            "arn": "arn:aws:ec2:eu-west-2:538130398803:security-group/sg-0159ea29b2c8b3f4b",
            "description": "RDS security group",
            "egress": [
              {
                "cidr_blocks": [
                  "0.0.0.0/0"
                ],
                "description": "rds",
                "from_port": 0,
                "ipv6_cidr_blocks": [],
                "prefix_list_ids": [],
                "protocol": "-1",
                "security_groups": [],
                "self": true,
                "to_port": 0
              }
            ],
            "id": "sg-0159ea29b2c8b3f4b",
            "ingress": [
              {
                "cidr_blocks": [],
                "description": "rds",
                "from_port": 5432,
                "ipv6_cidr_blocks": [],
                "prefix_list_ids": [],
                "protocol": "tcp",
                "security_groups": [
                  "sg-0259ebad1a517d504"
                ],
                "self": false,
                "to_port": 5432
              }
            ],
            "name": "rdsSG",
            "name_prefix": null,
            "owner_id": "538130398803",
            "revoke_rules_on_delete": false,
            "tags": {},
            "timeouts": null,
            "vpc_id": "vpc-1b592173"
          },
          "private": "eyJlMmJmYjczMC1lY2FhLTExZTYtOGY4OC0zNDM2M2JjN2M0YzAiOnsiY3JlYXRlIjo2MDAwMDAwMDAwMDAsImRlbGV0ZSI6NjAwMDAwMDAwMDAwfSwic2NoZW1hX3ZlcnNpb24iOiIxIn0=",
          "dependencies": [
            "module.production.aws_security_group.web"
          ]
        }
      ]
    },
    {
      "module": "module.production",
      "mode": "managed",
      "type": "aws_security_group",
      "name": "redisSG",
      "provider": "provider.aws",
      "instances": [
        {
          "schema_version": 1,
          "attributes": {
            "arn": "arn:aws:ec2:eu-west-2:538130398803:security-group/sg-0618246d5670235ce",
            "description": "Redis security group",
            "egress": [
              {
                "cidr_blocks": [
                  "0.0.0.0/0"
                ],
                "description": "rds",
                "from_port": 0,
                "ipv6_cidr_blocks": [],
                "prefix_list_ids": [],
                "protocol": "-1",
                "security_groups": [],
                "self": true,
                "to_port": 0
              }
            ],
            "id": "sg-0618246d5670235ce",
            "ingress": [
              {
                "cidr_blocks": [],
                "description": "rds",
                "from_port": 6379,
                "ipv6_cidr_blocks": [],
                "prefix_list_ids": [],
                "protocol": "tcp",
                "security_groups": [
                  "sg-0259ebad1a517d504"
                ],
                "self": false,
                "to_port": 6379
              }
            ],
            "name": "redisSG",
            "name_prefix": null,
            "owner_id": "538130398803",
            "revoke_rules_on_delete": false,
            "tags": null,
            "timeouts": null,
            "vpc_id": "vpc-1b592173"
          },
          "private": "eyJlMmJmYjczMC1lY2FhLTExZTYtOGY4OC0zNDM2M2JjN2M0YzAiOnsiY3JlYXRlIjo2MDAwMDAwMDAwMDAsImRlbGV0ZSI6NjAwMDAwMDAwMDAwfSwic2NoZW1hX3ZlcnNpb24iOiIxIn0=",
          "dependencies": [
            "module.production.aws_security_group.web"
          ]
        }
      ]
    },
    {
      "module": "module.production",
      "mode": "managed",
      "type": "aws_security_group",
      "name": "web",
      "provider": "provider.aws",
      "instances": [
        {
          "schema_version": 1,
          "attributes": {
            "arn": "arn:aws:ec2:eu-west-2:538130398803:security-group/sg-0259ebad1a517d504",
            "description": "Allow inbound traffic",
            "egress": [
              {
                "cidr_blocks": [
                  "0.0.0.0/0"
                ],
                "description": "",
                "from_port": 0,
                "ipv6_cidr_blocks": [],
                "prefix_list_ids": [],
                "protocol": "-1",
                "security_groups": [],
                "self": false,
                "to_port": 0
              }
            ],
            "id": "sg-0259ebad1a517d504",
            "ingress": [
              {
                "cidr_blocks": [
                  "0.0.0.0/0"
                ],
                "description": "",
                "from_port": 22,
                "ipv6_cidr_blocks": [],
                "prefix_list_ids": [],
                "protocol": "tcp",
                "security_groups": [],
                "self": false,
                "to_port": 22
              },
              {
                "cidr_blocks": [
                  "0.0.0.0/0"
                ],
                "description": "",
                "from_port": 5000,
                "ipv6_cidr_blocks": [],
                "prefix_list_ids": [],
                "protocol": "tcp",
                "security_groups": [],
                "self": false,
                "to_port": 5050
              },
              {
                "cidr_blocks": [
                  "0.0.0.0/0"
                ],
                "description": "",
                "from_port": 80,
                "ipv6_cidr_blocks": [],
                "prefix_list_ids": [],
                "protocol": "tcp",
                "security_groups": [],
                "self": false,
                "to_port": 80
              }
            ],
            "name": "production-application",
            "name_prefix": null,
            "owner_id": "538130398803",
            "revoke_rules_on_delete": false,
            "tags": {},
            "timeouts": null,
            "vpc_id": "vpc-1b592173"
          },
          "private": "eyJlMmJmYjczMC1lY2FhLTExZTYtOGY4OC0zNDM2M2JjN2M0YzAiOnsiY3JlYXRlIjo2MDAwMDAwMDAwMDAsImRlbGV0ZSI6NjAwMDAwMDAwMDAwfSwic2NoZW1hX3ZlcnNpb24iOiIxIn0="
        }
      ]
    }
  ]
}
